// !$*UTF8*$!
{
	archiveVersion = 1;
	classes = {
	};
	objectVersion = 56;
	objects = {

/* Begin PBXBuildFile section */
		D01918AE2B619FE2005DC13A /* Secrets.plist in Resources */ = {isa = PBXBuildFile; fileRef = D01918AD2B619FE2005DC13A /* Secrets.plist */; };
		D03610152B606A73001CFE29 /* GarageWatchHassApp.swift in Sources */ = {isa = PBXBuildFile; fileRef = D03610142B606A73001CFE29 /* GarageWatchHassApp.swift */; };
		D03610192B606A75001CFE29 /* Assets.xcassets in Resources */ = {isa = PBXBuildFile; fileRef = D03610182B606A75001CFE29 /* Assets.xcassets */; };
		D036101C2B606A75001CFE29 /* Preview Assets.xcassets in Resources */ = {isa = PBXBuildFile; fileRef = D036101B2B606A75001CFE29 /* Preview Assets.xcassets */; };
		D03610232B606B14001CFE29 /* WatchRestManager.swift in Sources */ = {isa = PBXBuildFile; fileRef = D03610222B606B14001CFE29 /* WatchRestManager.swift */; };
		D03610262B606B52001CFE29 /* HassFramework.xcframework in Frameworks */ = {isa = PBXBuildFile; fileRef = D03610252B606B52001CFE29 /* HassFramework.xcframework */; };
		D03610272B606B52001CFE29 /* HassFramework.xcframework in Embed Frameworks */ = {isa = PBXBuildFile; fileRef = D03610252B606B52001CFE29 /* HassFramework.xcframework */; settings = {ATTRIBUTES = (CodeSignOnCopy, RemoveHeadersOnCopy, ); }; };
		D03610402B609305001CFE29 /* enums.swift in Sources */ = {isa = PBXBuildFile; fileRef = D036103F2B609305001CFE29 /* enums.swift */; };
		D03610422B609574001CFE29 /* WatchView.swift in Sources */ = {isa = PBXBuildFile; fileRef = D03610412B609574001CFE29 /* WatchView.swift */; };
		D03610442B6095C7001CFE29 /* WatchViewModel.swift in Sources */ = {isa = PBXBuildFile; fileRef = D03610432B6095C7001CFE29 /* WatchViewModel.swift */; };
		D03610472B609662001CFE29 /* WatchEntityView.swift in Sources */ = {isa = PBXBuildFile; fileRef = D03610462B609662001CFE29 /* WatchEntityView.swift */; };
/* End PBXBuildFile section */

/* Begin PBXCopyFilesBuildPhase section */
		D03610282B606B52001CFE29 /* Embed Frameworks */ = {
			isa = PBXCopyFilesBuildPhase;
			buildActionMask = 2147483647;
			dstPath = "";
			dstSubfolderSpec = 10;
			files = (
				D03610272B606B52001CFE29 /* HassFramework.xcframework in Embed Frameworks */,
			);
			name = "Embed Frameworks";
			runOnlyForDeploymentPostprocessing = 0;
		};
/* End PBXCopyFilesBuildPhase section */

/* Begin PBXFileReference section */
		D01918AD2B619FE2005DC13A /* Secrets.plist */ = {isa = PBXFileReference; lastKnownFileType = text.plist.xml; path = Secrets.plist; sourceTree = "<group>"; };
		D03610112B606A73001CFE29 /* AccessGarage.app */ = {isa = PBXFileReference; explicitFileType = wrapper.application; includeInIndex = 0; path = AccessGarage.app; sourceTree = BUILT_PRODUCTS_DIR; };
		D03610142B606A73001CFE29 /* GarageWatchHassApp.swift */ = {isa = PBXFileReference; lastKnownFileType = sourcecode.swift; path = GarageWatchHassApp.swift; sourceTree = "<group>"; };
		D03610182B606A75001CFE29 /* Assets.xcassets */ = {isa = PBXFileReference; lastKnownFileType = folder.assetcatalog; path = Assets.xcassets; sourceTree = "<group>"; };
		D036101B2B606A75001CFE29 /* Preview Assets.xcassets */ = {isa = PBXFileReference; lastKnownFileType = folder.assetcatalog; path = "Preview Assets.xcassets"; sourceTree = "<group>"; };
		D03610222B606B14001CFE29 /* WatchRestManager.swift */ = {isa = PBXFileReference; lastKnownFileType = sourcecode.swift; path = WatchRestManager.swift; sourceTree = "<group>"; };
		D03610252B606B52001CFE29 /* HassFramework.xcframework */ = {isa = PBXFileReference; lastKnownFileType = wrapper.xcframework; name = HassFramework.xcframework; path = ../Frameworks/HassFramework/HassFramework.xcframework; sourceTree = "<group>"; };
		D036103F2B609305001CFE29 /* enums.swift */ = {isa = PBXFileReference; lastKnownFileType = sourcecode.swift; path = enums.swift; sourceTree = "<group>"; };
		D03610412B609574001CFE29 /* WatchView.swift */ = {isa = PBXFileReference; lastKnownFileType = sourcecode.swift; path = WatchView.swift; sourceTree = "<group>"; };
		D03610432B6095C7001CFE29 /* WatchViewModel.swift */ = {isa = PBXFileReference; lastKnownFileType = sourcecode.swift; path = WatchViewModel.swift; sourceTree = "<group>"; };
		D03610462B609662001CFE29 /* WatchEntityView.swift */ = {isa = PBXFileReference; lastKnownFileType = sourcecode.swift; path = WatchEntityView.swift; sourceTree = "<group>"; };
/* End PBXFileReference section */

/* Begin PBXFrameworksBuildPhase section */
		D036100E2B606A73001CFE29 /* Frameworks */ = {
			isa = PBXFrameworksBuildPhase;
			buildActionMask = 2147483647;
			files = (
				D03610262B606B52001CFE29 /* HassFramework.xcframework in Frameworks */,
			);
			runOnlyForDeploymentPostprocessing = 0;
		};
/* End PBXFrameworksBuildPhase section */

/* Begin PBXGroup section */
		D03610082B606A73001CFE29 = {
			isa = PBXGroup;
			children = (
				D01918AD2B619FE2005DC13A /* Secrets.plist */,
				D03610132B606A73001CFE29 /* GarageWatchHass Watch App */,
				D03610122B606A73001CFE29 /* Products */,
				D03610242B606B52001CFE29 /* Frameworks */,
			);
			sourceTree = "<group>";
		};
		D03610122B606A73001CFE29 /* Products */ = {
			isa = PBXGroup;
			children = (
				D03610112B606A73001CFE29 /* AccessGarage.app */,
			);
			name = Products;
			sourceTree = "<group>";
		};
		D03610132B606A73001CFE29 /* GarageWatchHass Watch App */ = {
			isa = PBXGroup;
			children = (
				D03610452B60963D001CFE29 /* Views */,
				D03610142B606A73001CFE29 /* GarageWatchHassApp.swift */,
				D03610182B606A75001CFE29 /* Assets.xcassets */,
				D036101A2B606A75001CFE29 /* Preview Content */,
				D03610222B606B14001CFE29 /* WatchRestManager.swift */,
				D036103F2B609305001CFE29 /* enums.swift */,
				D03610432B6095C7001CFE29 /* WatchViewModel.swift */,
			);
			path = "GarageWatchHass Watch App";
			sourceTree = "<group>";
		};
		D036101A2B606A75001CFE29 /* Preview Content */ = {
			isa = PBXGroup;
			children = (
				D036101B2B606A75001CFE29 /* Preview Assets.xcassets */,
			);
			path = "Preview Content";
			sourceTree = "<group>";
		};
		D03610242B606B52001CFE29 /* Frameworks */ = {
			isa = PBXGroup;
			children = (
				D03610252B606B52001CFE29 /* HassFramework.xcframework */,
			);
			name = Frameworks;
			sourceTree = "<group>";
		};
		D03610452B60963D001CFE29 /* Views */ = {
			isa = PBXGroup;
			children = (
				D03610412B609574001CFE29 /* WatchView.swift */,
				D03610462B609662001CFE29 /* WatchEntityView.swift */,
			);
			path = Views;
			sourceTree = "<group>";
		};
/* End PBXGroup section */

/* Begin PBXNativeTarget section */
		D03610102B606A73001CFE29 /* GarageWatchHass Watch App */ = {
			isa = PBXNativeTarget;
			buildConfigurationList = D036101F2B606A75001CFE29 /* Build configuration list for PBXNativeTarget "GarageWatchHass Watch App" */;
			buildPhases = (
				D036100D2B606A73001CFE29 /* Sources */,
				D036100E2B606A73001CFE29 /* Frameworks */,
				D036100F2B606A73001CFE29 /* Resources */,
				D03610282B606B52001CFE29 /* Embed Frameworks */,
			);
			buildRules = (
			);
			dependencies = (
			);
			name = "GarageWatchHass Watch App";
			productName = "GarageWatchHass Watch App";
			productReference = D03610112B606A73001CFE29 /* AccessGarage.app */;
			productType = "com.apple.product-type.application";
		};
/* End PBXNativeTarget section */

/* Begin PBXProject section */
		D03610092B606A73001CFE29 /* Project object */ = {
			isa = PBXProject;
			attributes = {
				BuildIndependentTargetsInParallel = 1;
				LastSwiftUpdateCheck = 1520;
				LastUpgradeCheck = 1520;
				TargetAttributes = {
					D03610102B606A73001CFE29 = {
						CreatedOnToolsVersion = 15.2;
					};
				};
			};
			buildConfigurationList = D036100C2B606A73001CFE29 /* Build configuration list for PBXProject "GarageWatchHass" */;
			compatibilityVersion = "Xcode 14.0";
			developmentRegion = en;
			hasScannedForEncodings = 0;
			knownRegions = (
				en,
				Base,
			);
			mainGroup = D03610082B606A73001CFE29;
			productRefGroup = D03610122B606A73001CFE29 /* Products */;
			projectDirPath = "";
			projectRoot = "";
			targets = (
				D03610102B606A73001CFE29 /* GarageWatchHass Watch App */,
			);
		};
/* End PBXProject section */

/* Begin PBXResourcesBuildPhase section */
		D036100F2B606A73001CFE29 /* Resources */ = {
			isa = PBXResourcesBuildPhase;
			buildActionMask = 2147483647;
			files = (
				D036101C2B606A75001CFE29 /* Preview Assets.xcassets in Resources */,
				D01918AE2B619FE2005DC13A /* Secrets.plist in Resources */,
				D03610192B606A75001CFE29 /* Assets.xcassets in Resources */,
			);
			runOnlyForDeploymentPostprocessing = 0;
		};
/* End PBXResourcesBuildPhase section */

/* Begin PBXSourcesBuildPhase section */
		D036100D2B606A73001CFE29 /* Sources */ = {
			isa = PBXSourcesBuildPhase;
			buildActionMask = 2147483647;
			files = (
				D03610152B606A73001CFE29 /* GarageWatchHassApp.swift in Sources */,
				D03610442B6095C7001CFE29 /* WatchViewModel.swift in Sources */,
				D03610422B609574001CFE29 /* WatchView.swift in Sources */,
				D03610402B609305001CFE29 /* enums.swift in Sources */,
				D03610472B609662001CFE29 /* WatchEntityView.swift in Sources */,
				D03610232B606B14001CFE29 /* WatchRestManager.swift in Sources */,
			);
			runOnlyForDeploymentPostprocessing = 0;
		};
/* End PBXSourcesBuildPhase section */

/* Begin XCBuildConfiguration section */
		D036101D2B606A75001CFE29 /* Debug */ = {
			isa = XCBuildConfiguration;
			buildSettings = {
				ALWAYS_SEARCH_USER_PATHS = NO;
				ASSETCATALOG_COMPILER_GENERATE_SWIFT_ASSET_SYMBOL_EXTENSIONS = YES;
				CLANG_ANALYZER_NONNULL = YES;
				CLANG_ANALYZER_NUMBER_OBJECT_CONVERSION = YES_AGGRESSIVE;
				CLANG_CXX_LANGUAGE_STANDARD = "gnu++20";
				CLANG_ENABLE_MODULES = YES;
				CLANG_ENABLE_OBJC_ARC = YES;
				CLANG_ENABLE_OBJC_WEAK = YES;
				CLANG_WARN_BLOCK_CAPTURE_AUTORELEASING = YES;
				CLANG_WARN_BOOL_CONVERSION = YES;
				CLANG_WARN_COMMA = YES;
				CLANG_WARN_CONSTANT_CONVERSION = YES;
				CLANG_WARN_DEPRECATED_OBJC_IMPLEMENTATIONS = YES;
				CLANG_WARN_DIRECT_OBJC_ISA_USAGE = YES_ERROR;
				CLANG_WARN_DOCUMENTATION_COMMENTS = YES;
				CLANG_WARN_EMPTY_BODY = YES;
				CLANG_WARN_ENUM_CONVERSION = YES;
				CLANG_WARN_INFINITE_RECURSION = YES;
				CLANG_WARN_INT_CONVERSION = YES;
				CLANG_WARN_NON_LITERAL_NULL_CONVERSION = YES;
				CLANG_WARN_OBJC_IMPLICIT_RETAIN_SELF = YES;
				CLANG_WARN_OBJC_LITERAL_CONVERSION = YES;
				CLANG_WARN_OBJC_ROOT_CLASS = YES_ERROR;
				CLANG_WARN_QUOTED_INCLUDE_IN_FRAMEWORK_HEADER = YES;
				CLANG_WARN_RANGE_LOOP_ANALYSIS = YES;
				CLANG_WARN_STRICT_PROTOTYPES = YES;
				CLANG_WARN_SUSPICIOUS_MOVE = YES;
				CLANG_WARN_UNGUARDED_AVAILABILITY = YES_AGGRESSIVE;
				CLANG_WARN_UNREACHABLE_CODE = YES;
				CLANG_WARN__DUPLICATE_METHOD_MATCH = YES;
				COPY_PHASE_STRIP = NO;
				DEBUG_INFORMATION_FORMAT = dwarf;
				ENABLE_STRICT_OBJC_MSGSEND = YES;
				ENABLE_TESTABILITY = YES;
				ENABLE_USER_SCRIPT_SANDBOXING = YES;
				GCC_C_LANGUAGE_STANDARD = gnu17;
				GCC_DYNAMIC_NO_PIC = NO;
				GCC_NO_COMMON_BLOCKS = YES;
				GCC_OPTIMIZATION_LEVEL = 0;
				GCC_PREPROCESSOR_DEFINITIONS = (
					"DEBUG=1",
					"$(inherited)",
				);
				GCC_WARN_64_TO_32_BIT_CONVERSION = YES;
				GCC_WARN_ABOUT_RETURN_TYPE = YES_ERROR;
				GCC_WARN_UNDECLARED_SELECTOR = YES;
				GCC_WARN_UNINITIALIZED_AUTOS = YES_AGGRESSIVE;
				GCC_WARN_UNUSED_FUNCTION = YES;
				GCC_WARN_UNUSED_VARIABLE = YES;
				LOCALIZATION_PREFERS_STRING_CATALOGS = YES;
				MTL_ENABLE_DEBUG_INFO = INCLUDE_SOURCE;
				MTL_FAST_MATH = YES;
				ONLY_ACTIVE_ARCH = YES;
				SWIFT_ACTIVE_COMPILATION_CONDITIONS = "DEBUG $(inherited)";
				SWIFT_OPTIMIZATION_LEVEL = "-Onone";
			};
			name = Debug;
		};
		D036101E2B606A75001CFE29 /* Release */ = {
			isa = XCBuildConfiguration;
			buildSettings = {
				ALWAYS_SEARCH_USER_PATHS = NO;
				ASSETCATALOG_COMPILER_GENERATE_SWIFT_ASSET_SYMBOL_EXTENSIONS = YES;
				CLANG_ANALYZER_NONNULL = YES;
				CLANG_ANALYZER_NUMBER_OBJECT_CONVERSION = YES_AGGRESSIVE;
				CLANG_CXX_LANGUAGE_STANDARD = "gnu++20";
				CLANG_ENABLE_MODULES = YES;
				CLANG_ENABLE_OBJC_ARC = YES;
				CLANG_ENABLE_OBJC_WEAK = YES;
				CLANG_WARN_BLOCK_CAPTURE_AUTORELEASING = YES;
				CLANG_WARN_BOOL_CONVERSION = YES;
				CLANG_WARN_COMMA = YES;
				CLANG_WARN_CONSTANT_CONVERSION = YES;
				CLANG_WARN_DEPRECATED_OBJC_IMPLEMENTATIONS = YES;
				CLANG_WARN_DIRECT_OBJC_ISA_USAGE = YES_ERROR;
				CLANG_WARN_DOCUMENTATION_COMMENTS = YES;
				CLANG_WARN_EMPTY_BODY = YES;
				CLANG_WARN_ENUM_CONVERSION = YES;
				CLANG_WARN_INFINITE_RECURSION = YES;
				CLANG_WARN_INT_CONVERSION = YES;
				CLANG_WARN_NON_LITERAL_NULL_CONVERSION = YES;
				CLANG_WARN_OBJC_IMPLICIT_RETAIN_SELF = YES;
				CLANG_WARN_OBJC_LITERAL_CONVERSION = YES;
				CLANG_WARN_OBJC_ROOT_CLASS = YES_ERROR;
				CLANG_WARN_QUOTED_INCLUDE_IN_FRAMEWORK_HEADER = YES;
				CLANG_WARN_RANGE_LOOP_ANALYSIS = YES;
				CLANG_WARN_STRICT_PROTOTYPES = YES;
				CLANG_WARN_SUSPICIOUS_MOVE = YES;
				CLANG_WARN_UNGUARDED_AVAILABILITY = YES_AGGRESSIVE;
				CLANG_WARN_UNREACHABLE_CODE = YES;
				CLANG_WARN__DUPLICATE_METHOD_MATCH = YES;
				COPY_PHASE_STRIP = NO;
				DEBUG_INFORMATION_FORMAT = "dwarf-with-dsym";
				ENABLE_NS_ASSERTIONS = NO;
				ENABLE_STRICT_OBJC_MSGSEND = YES;
				ENABLE_USER_SCRIPT_SANDBOXING = YES;
				GCC_C_LANGUAGE_STANDARD = gnu17;
				GCC_NO_COMMON_BLOCKS = YES;
				GCC_WARN_64_TO_32_BIT_CONVERSION = YES;
				GCC_WARN_ABOUT_RETURN_TYPE = YES_ERROR;
				GCC_WARN_UNDECLARED_SELECTOR = YES;
				GCC_WARN_UNINITIALIZED_AUTOS = YES_AGGRESSIVE;
				GCC_WARN_UNUSED_FUNCTION = YES;
				GCC_WARN_UNUSED_VARIABLE = YES;
				LOCALIZATION_PREFERS_STRING_CATALOGS = YES;
				MTL_ENABLE_DEBUG_INFO = NO;
				MTL_FAST_MATH = YES;
				SWIFT_COMPILATION_MODE = wholemodule;
			};
			name = Release;
		};
		D03610202B606A75001CFE29 /* Debug */ = {
			isa = XCBuildConfiguration;
			buildSettings = {
				ASSETCATALOG_COMPILER_APPICON_NAME = AppIcon;
				ASSETCATALOG_COMPILER_GLOBAL_ACCENT_COLOR_NAME = AccentColor;
				ASSETCATALOG_COMPILER_INCLUDE_ALL_APPICON_ASSETS = YES;
				CODE_SIGN_STYLE = Automatic;
				CURRENT_PROJECT_VERSION = 1;
				DEVELOPMENT_ASSET_PATHS = "\"GarageWatchHass Watch App/Preview Content\"";
				DEVELOPMENT_TEAM = G3337N7QRS;
				ENABLE_PREVIEWS = YES;
				GENERATE_INFOPLIST_FILE = YES;
				INFOPLIST_KEY_UISupportedInterfaceOrientations = "UIInterfaceOrientationPortrait UIInterfaceOrientationPortraitUpsideDown";
				INFOPLIST_KEY_WKCompanionAppBundleIdentifier = "";
				INFOPLIST_KEY_WKRunsIndependentlyOfCompanionApp = YES;
				LD_RUNPATH_SEARCH_PATHS = (
					"$(inherited)",
					"@executable_path/Frameworks",
				);
				MARKETING_VERSION = 1.0;
				PRODUCT_BUNDLE_IDENTIFIER = .watchkitapp;
				PRODUCT_NAME = AccessGarage;
				SDKROOT = watchos;
				SKIP_INSTALL = YES;
				SWIFT_EMIT_LOC_STRINGS = YES;
				SWIFT_VERSION = 5.0;
				TARGETED_DEVICE_FAMILY = 4;
				WATCHOS_DEPLOYMENT_TARGET = 10.2;
			};
			name = Debug;
		};
		D03610212B606A75001CFE29 /* Release */ = {
			isa = XCBuildConfiguration;
			buildSettings = {
				ASSETCATALOG_COMPILER_APPICON_NAME = AppIcon;
				ASSETCATALOG_COMPILER_GLOBAL_ACCENT_COLOR_NAME = AccentColor;
				ASSETCATALOG_COMPILER_INCLUDE_ALL_APPICON_ASSETS = YES;
				CODE_SIGN_STYLE = Automatic;
				CURRENT_PROJECT_VERSION = 1;
				DEVELOPMENT_ASSET_PATHS = "\"GarageWatchHass Watch App/Preview Content\"";
				DEVELOPMENT_TEAM = G3337N7QRS;
				ENABLE_PREVIEWS = YES;
				GENERATE_INFOPLIST_FILE = YES;
				INFOPLIST_KEY_UISupportedInterfaceOrientations = "UIInterfaceOrientationPortrait UIInterfaceOrientationPortraitUpsideDown";
				INFOPLIST_KEY_WKCompanionAppBundleIdentifier = "";
				INFOPLIST_KEY_WKRunsIndependentlyOfCompanionApp = YES;
				LD_RUNPATH_SEARCH_PATHS = (
					"$(inherited)",
					"@executable_path/Frameworks",
				);
				MARKETING_VERSION = 1.0;
				PRODUCT_BUNDLE_IDENTIFIER = .watchkitapp;
				PRODUCT_NAME = AccessGarage;
				SDKROOT = watchos;
				SKIP_INSTALL = YES;
				SWIFT_EMIT_LOC_STRINGS = YES;
				SWIFT_VERSION = 5.0;
				TARGETED_DEVICE_FAMILY = 4;
				VALIDATE_PRODUCT = YES;
				WATCHOS_DEPLOYMENT_TARGET = 10.2;
			};
			name = Release;
		};
/* End XCBuildConfiguration section */

/* Begin XCConfigurationList section */
		D036100C2B606A73001CFE29 /* Build configuration list for PBXProject "GarageWatchHass" */ = {
			isa = XCConfigurationList;
			buildConfigurations = (
				D036101D2B606A75001CFE29 /* Debug */,
				D036101E2B606A75001CFE29 /* Release */,
			);
			defaultConfigurationIsVisible = 0;
			defaultConfigurationName = Release;
		};
		D036101F2B606A75001CFE29 /* Build configuration list for PBXNativeTarget "GarageWatchHass Watch App" */ = {
			isa = XCConfigurationList;
			buildConfigurations = (
				D03610202B606A75001CFE29 /* Debug */,
				D03610212B606A75001CFE29 /* Release */,
			);
			defaultConfigurationIsVisible = 0;
			defaultConfigurationName = Release;
		};
/* End XCConfigurationList section */
	};
	rootObject = D03610092B606A73001CFE29 /* Project object */;
}
